<?xml version="1.0" encoding="UTF-8" standalone="yes" ?>
<CodeBlocks_project_file>
	<FileVersion major="1" minor="6" />
	<Project>
		<Option title="UTTT_Template" />
		<Option pch_mode="2" />
		<Option compiler="gcc" />
		<Build>
			<Target title="Debug">
				<Option output="bin/Debug/UTTT_Template" prefix_auto="1" extension_auto="1" />
				<Option object_output="obj/Debug/" />
				<Option type="1" />
				<Option compiler="gcc" />
				<Compiler>
					<Add option="-g" />
				</Compiler>
			</Target>
			<Target title="Release">
				<Option output="bin/Release/UTTT_Template" prefix_auto="1" extension_auto="1" />
				<Option object_output="obj/Release/" />
				<Option type="1" />
				<Option compiler="gcc" />
				<Compiler>
					<Add option="-O3" />
				</Compiler>
			</Target>
			<Target title="Training">
				<Option output="bin/Training/UTTT_Template" prefix_auto="1" extension_auto="1" />
				<Option object_output="obj/Training/" />
				<Option type="1" />
				<Option compiler="gcc" />
				<Option use_console_runner="0" />
			</Target>
		</Build>
		<Compiler>
			<Add option="-Wall" />
			<Add option="-fexceptions" />
		</Compiler>
		<Linker>
			<Add option="allegro_font-5.2.dll" />
			<Add option="allegro_ttf-5.2.dll" />
			<Add option="allegro_image-5.2.dll" />
			<Add option="allegro_primitives-5.2.dll" />
			<Add option="allegro-5.2.dll" />
			<Add library="./libUTTTLib.a" />
		</Linker>
		<Unit filename="include/ai/GameManager.h" />
		<Unit filename="include/ai/evaluate/HeuristicEvaluator.h" />
		<Unit filename="include/ai/evaluate/IEvaluator.h" />
		<Unit filename="include/ai/strategy/IStrategy.h" />
		<Unit filename="include/ai/strategy/MCTSStrategy.h" />
		<Unit filename="include/ai/strategy/MinimaxStrategy.h" />
		<Unit filename="include/ai/strategy/RandomStrategy.h" />
		<Unit filename="include/ai/strategy/SimpleStrategy.h" />
		<Unit filename="include/ai/training/DataLogger.h" />
		<Unit filename="include/ai/training/MatchRunner.h" />
		<Unit filename="include/core/AIMove.h" />
		<Unit filename="include/core/Cell.h" />
		<Unit filename="include/core/GameState.h" />
		<Unit filename="include/core/SubBoard.h" />
		<Unit filename="include/core/UltimateBoard.h" />
		<Unit filename="include/core/WinPatterns.h" />
		<Unit filename="include/main.h" />
		<Unit filename="include/utils/MoveConverter.h" />
		<Unit filename="src/ai/GameManager.cpp" />
		<Unit filename="src/ai/evaluate/HeuristicEvaluator.cpp" />
		<Unit filename="src/ai/strategy/MCTSStrategy.cpp" />
		<Unit filename="src/ai/strategy/MinimaxStrategy.cpp" />
		<Unit filename="src/ai/strategy/RandomStrategy.cpp" />
		<Unit filename="src/ai/strategy/SimpleStrategy.cpp" />
		<Unit filename="src/ai/training/DataLogger.cpp" />
		<Unit filename="src/ai/training/MatchRunner.cpp" />
		<Unit filename="src/ai/training/TrainingMain.cpp">
			<Option target="Training" />
		</Unit>
		<Unit filename="src/core/Cell.cpp" />
		<Unit filename="src/core/GameState.cpp" />
		<Unit filename="src/core/SubBoard.cpp" />
		<Unit filename="src/core/UltimateBoard.cpp" />
		<Unit filename="src/main.cpp" />
		<Unit filename="src/utils/MoveConverter.cpp" />
		<Unit filename="version.h" />
		<Extensions>
			<AutoVersioning>
				<Scheme minor_max="10" build_max="0" rev_max="0" rev_rand_max="10" build_times_to_increment_minor="100" />
				<Settings autoincrement="1" date_declarations="1" use_define="0" update_manifest="1" do_auto_increment="0" ask_to_increment="0" language="C++" svn="0" svn_directory="" header_path="version.h" />
				<Changes_Log show_changes_editor="1" app_title="released version %M.%m.%b of %p" changeslog_path="ChangesLog.md" />
				<Code header_guard="VERSION_H" namespace="AutoVersion" prefix="" />
			</AutoVersioning>
		</Extensions>
	</Project>
</CodeBlocks_project_file>
